{
  "name": "orbit-db-store",
  "version": "2.5.3",
  "lockfileVersion": 1,
  "requires": true,
  "dependencies": {
    "core-util-is": {
      "version": "1.0.2",
      "resolved": "https://registry.npmjs.org/core-util-is/-/core-util-is-1.0.2.tgz",
      "integrity": "sha1-tf1UIgqivFq1eqtxQMlAdUUDwac="
    },
    "inherits": {
      "version": "2.0.3",
      "resolved": "https://registry.npmjs.org/inherits/-/inherits-2.0.3.tgz",
      "integrity": "sha1-Yzwsg+PaQqUC9SRmAiSA9CCCYd4="
    },
    "ipfs-log": {
      "version": "github:orbitdb/ipfs-log#97bdf07293232cf306f983ab6f86e1776f1af36a",
      "from": "github:orbitdb/ipfs-log",
      "requires": {
        "orbit-db-identity-provider": "^0.0.2",
        "p-map": "^1.1.1",
        "p-whilst": "^1.0.0"
      }
    },
    "isarray": {
      "version": "1.0.0",
      "resolved": "https://registry.npmjs.org/isarray/-/isarray-1.0.0.tgz",
      "integrity": "sha1-u5NdSFgsuhaMBoNJV6VKPgcSTxE="
    },
    "logplease": {
      "version": "1.2.15",
      "resolved": "https://registry.npmjs.org/logplease/-/logplease-1.2.15.tgz",
      "integrity": "sha512-jLlHnlsPSJjpwUfcNyUxXCl33AYg2cHhIf9QhGL2T4iPT0XPB+xP1LRKFPgIg1M/sg9kAJvy94w9CzBNrfnstA=="
    },
    "orbit-db-identity-provider": {
      "version": "0.0.2",
      "resolved": "https://registry.npmjs.org/orbit-db-identity-provider/-/orbit-db-identity-provider-0.0.2.tgz",
      "integrity": "sha512-xE69h4FBIBU4im3KoirRxblHQyDeZesMKw12QqUtRYiIHVT7vhI4hx1QmsUDlZerBz8Pv4IJN4wVMijqCpc7xQ=="
    },
    "p-each-series": {
      "version": "1.0.0",
      "resolved": "https://registry.npmjs.org/p-each-series/-/p-each-series-1.0.0.tgz",
      "integrity": "sha1-kw89Et0fUOdDRFeiLNbwSsatf3E=",
      "requires": {
        "p-reduce": "^1.0.0"
      }
    },
    "p-map": {
      "version": "1.2.0",
      "resolved": "https://registry.npmjs.org/p-map/-/p-map-1.2.0.tgz",
      "integrity": "sha512-r6zKACMNhjPJMTl8KcFH4li//gkrXWfbD6feV8l6doRHlzljFWGJ2AP6iKaCJXyZmAUMOPtvbW7EXkbWO/pLEA=="
    },
    "p-reduce": {
      "version": "1.0.0",
      "resolved": "https://registry.npmjs.org/p-reduce/-/p-reduce-1.0.0.tgz",
      "integrity": "sha1-GMKw3ZNqRpClKfgjH1ig/bakffo="
    },
    "p-whilst": {
      "version": "1.0.0",
      "resolved": "https://registry.npmjs.org/p-whilst/-/p-whilst-1.0.0.tgz",
      "integrity": "sha1-VGaOrX+TR5n8APHlIw/Wrd645+Y="
    },
    "process-nextick-args": {
      "version": "2.0.0",
      "resolved": "https://registry.npmjs.org/process-nextick-args/-/process-nextick-args-2.0.0.tgz",
      "integrity": "sha512-MtEC1TqN0EU5nephaJ4rAtThHtC86dNN9qCuEhtshvpVBkAW5ZO7BASN9REnF9eoXGcRub+pFuKEpOHE+HbEMw=="
    },
    "readable-stream": {
      "version": "2.3.6",
      "resolved": "http://registry.npmjs.org/readable-stream/-/readable-stream-2.3.6.tgz",
      "integrity": "sha512-tQtKA9WIAhBF3+VLAseyMqZeBjW0AHJoxOtYqSUZNJxauErmLbVm2FW1y+J/YA9dUrAC39ITejlZWhVIwawkKw==",
      "requires": {
        "core-util-is": "~1.0.0",
        "inherits": "~2.0.3",
        "isarray": "~1.0.0",
        "process-nextick-args": "~2.0.0",
        "safe-buffer": "~5.1.1",
        "string_decoder": "~1.1.1",
        "util-deprecate": "~1.0.1"
      }
    },
    "safe-buffer": {
      "version": "5.1.2",
      "resolved": "https://registry.npmjs.org/safe-buffer/-/safe-buffer-5.1.2.tgz",
      "integrity": "sha512-Gd2UZBJDkXlY7GbJxfsE8/nvKkUEU1G38c1siN6QP6a9PT9MmHB8GnpscSmMJSoF8LOIrt8ud/wPtojys4G6+g=="
    },
    "string_decoder": {
      "version": "1.1.1",
      "resolved": "https://registry.npmjs.org/string_decoder/-/string_decoder-1.1.1.tgz",
      "integrity": "sha512-n/ShnvDi6FHbbVfviro+WojiFzv+s8MPMHBczVePfUpDJLwoLT0ht1l4YwBCbi8pJAveEEdnkHyPyTP/mzRfwg==",
      "requires": {
        "safe-buffer": "~5.1.0"
      }
    },
    "util-deprecate": {
      "version": "1.0.2",
      "resolved": "https://registry.npmjs.org/util-deprecate/-/util-deprecate-1.0.2.tgz",
      "integrity": "sha1-RQ1Nyfpw3nMnYvvS1KKJgUGaDM8="
    }
  }
}
