{
  "name": "orbit-db-store",
  "version": "2.0.0",
  "lockfileVersion": 1,
  "requires": true,
  "dependencies": {
    "bn.js": {
      "version": "4.11.8",
      "resolved": "https://registry.npmjs.org/bn.js/-/bn.js-4.11.8.tgz",
      "integrity": "sha512-ItfYfPLkWHUjckQCk8xC+LwxgK8NYcXywGigJgSwOP8Y2iyWT4f2vsZnoOXTTbo+o5yXmIUJ4gn5538SO5S3gA=="
    },
    "brorand": {
      "version": "1.1.0",
      "resolved": "https://registry.npmjs.org/brorand/-/brorand-1.1.0.tgz",
      "integrity": "sha1-EsJe/kCkXjwyPrhnWgoM5XsiNx8="
    },
    "core-util-is": {
      "version": "1.0.2",
      "resolved": "https://registry.npmjs.org/core-util-is/-/core-util-is-1.0.2.tgz",
      "integrity": "sha1-tf1UIgqivFq1eqtxQMlAdUUDwac="
    },
    "dexie": {
      "version": "1.5.1",
      "resolved": "https://registry.npmjs.org/dexie/-/dexie-1.5.1.tgz",
      "integrity": "sha1-rDrVoOuvfm5Cdg21hxBBjUp1ZiQ="
    },
    "elliptic": {
      "version": "6.4.0",
      "resolved": "https://registry.npmjs.org/elliptic/-/elliptic-6.4.0.tgz",
      "integrity": "sha1-ysmvh2LIWDYYcAPI3+GT5eLq5d8=",
      "requires": {
        "bn.js": "4.11.8",
        "brorand": "1.1.0",
        "hash.js": "1.1.3",
        "hmac-drbg": "1.0.1",
        "inherits": "2.0.3",
        "minimalistic-assert": "1.0.0",
        "minimalistic-crypto-utils": "1.0.1"
      }
    },
    "fs-pull-blob-store": {
      "version": "0.4.1",
      "resolved": "https://registry.npmjs.org/fs-pull-blob-store/-/fs-pull-blob-store-0.4.1.tgz",
      "integrity": "sha1-CZsKDj/FlOnaBfL4j+XOg7ajNFo=",
      "requires": {
        "mkdirp": "0.5.1",
        "pull-defer": "0.2.2",
        "pull-file": "1.0.0",
        "pull-stream": "3.6.1",
        "pull-write-file": "0.2.4"
      }
    },
    "graceful-fs": {
      "version": "4.1.11",
      "resolved": "https://registry.npmjs.org/graceful-fs/-/graceful-fs-4.1.11.tgz",
      "integrity": "sha1-Dovf5NHduIVNZOBOp8AOKgJuVlg="
    },
    "hash.js": {
      "version": "1.1.3",
      "resolved": "https://registry.npmjs.org/hash.js/-/hash.js-1.1.3.tgz",
      "integrity": "sha512-/UETyP0W22QILqS+6HowevwhEFJ3MBJnwTf75Qob9Wz9t0DPuisL8kW8YZMK62dHAKE1c1p+gY1TtOLY+USEHA==",
      "requires": {
        "inherits": "2.0.3",
        "minimalistic-assert": "1.0.0"
      }
    },
    "hmac-drbg": {
      "version": "1.0.1",
      "resolved": "https://registry.npmjs.org/hmac-drbg/-/hmac-drbg-1.0.1.tgz",
      "integrity": "sha1-0nRXAQJabHdabFRXk+1QL8DGSaE=",
      "requires": {
        "hash.js": "1.1.3",
        "minimalistic-assert": "1.0.0",
        "minimalistic-crypto-utils": "1.0.1"
      }
    },
    "idb-pull-blob-store": {
      "version": "0.5.1",
      "resolved": "https://registry.npmjs.org/idb-pull-blob-store/-/idb-pull-blob-store-0.5.1.tgz",
      "integrity": "sha1-nBP58Q6wWqOp8g71cVE8R1efddQ=",
      "requires": {
        "dexie": "1.5.1",
        "pull-defer": "0.2.2",
        "pull-pushable": "2.1.1",
        "pull-window": "2.1.4",
        "pull-write": "1.1.4",
        "typedarray-to-buffer": "3.1.2"
      }
    },
    "imurmurhash": {
      "version": "0.1.4",
      "resolved": "https://registry.npmjs.org/imurmurhash/-/imurmurhash-0.1.4.tgz",
      "integrity": "sha1-khi5srkoojixPcT7a21XbyMUU+o="
    },
    "inherits": {
      "version": "2.0.3",
      "resolved": "https://registry.npmjs.org/inherits/-/inherits-2.0.3.tgz",
      "integrity": "sha1-Yzwsg+PaQqUC9SRmAiSA9CCCYd4="
    },
    "ipfs-log": {
      "version": "github:haadcode/ipfs-log#b66519527b62a9276a01c6584b892b86f3a1cce2",
      "requires": {
        "p-map": "1.2.0",
        "p-whilst": "1.0.0"
      }
    },
    "is-typedarray": {
      "version": "1.0.0",
      "resolved": "https://registry.npmjs.org/is-typedarray/-/is-typedarray-1.0.0.tgz",
      "integrity": "sha1-5HnICFjfDBsR3dppQPlgEfzaSpo="
    },
    "isarray": {
      "version": "1.0.0",
      "resolved": "https://registry.npmjs.org/isarray/-/isarray-1.0.0.tgz",
      "integrity": "sha1-u5NdSFgsuhaMBoNJV6VKPgcSTxE="
    },
    "lock": {
      "version": "0.1.4",
      "resolved": "https://registry.npmjs.org/lock/-/lock-0.1.4.tgz",
      "integrity": "sha1-/sfervF+fDoKVeHaBCgD4l2RdF0="
    },
    "looper": {
      "version": "2.0.0",
      "resolved": "https://registry.npmjs.org/looper/-/looper-2.0.0.tgz",
      "integrity": "sha1-Zs0Md0rz1P7axTeU90LbVtqPCew="
    },
    "minimalistic-assert": {
      "version": "1.0.0",
      "resolved": "https://registry.npmjs.org/minimalistic-assert/-/minimalistic-assert-1.0.0.tgz",
      "integrity": "sha1-cCvi3aazf0g2vLP121ZkG2Sh09M="
    },
    "minimalistic-crypto-utils": {
      "version": "1.0.1",
      "resolved": "https://registry.npmjs.org/minimalistic-crypto-utils/-/minimalistic-crypto-utils-1.0.1.tgz",
      "integrity": "sha1-9sAMHAsIIkblxNmd+4x8CDsrWCo="
    },
    "minimist": {
      "version": "0.0.8",
      "resolved": "https://registry.npmjs.org/minimist/-/minimist-0.0.8.tgz",
      "integrity": "sha1-hX/Kv8M5fSYluCKCYuhqp6ARsF0="
    },
    "mkdirp": {
      "version": "0.5.1",
      "resolved": "https://registry.npmjs.org/mkdirp/-/mkdirp-0.5.1.tgz",
      "integrity": "sha1-MAV0OOrGz3+MR2fzhkjWaX11yQM=",
      "requires": {
        "minimist": "0.0.8"
      }
    },
    "node-localstorage": {
      "version": "1.3.0",
      "resolved": "https://registry.npmjs.org/node-localstorage/-/node-localstorage-1.3.0.tgz",
      "integrity": "sha1-LkNqro3Mms6XtDxlwWwNV3vgpVw=",
      "requires": {
        "write-file-atomic": "1.3.4"
      }
    },
    "orbit-db-cache": {
      "version": "0.0.7",
      "resolved": "https://registry.npmjs.org/orbit-db-cache/-/orbit-db-cache-0.0.7.tgz",
      "integrity": "sha512-bvIimrujda1di1p0R2I0MY3VmnSz2y8l7Bc4Qvp/jsJpf5jxTIvfC97pGpO6Fm3kUGGZDhKNjY/ZW3VfXoBRFw==",
      "requires": {
        "fs-pull-blob-store": "0.4.1",
        "idb-pull-blob-store": "0.5.1",
        "lock": "0.1.4",
        "pull-stream": "3.6.1"
      }
    },
    "orbit-db-keystore": {
      "version": "github:haadcode/orbit-db-keystore#0b493d40b61f1e270cae22b2abbf7e7e9915bc45",
      "requires": {
        "elliptic": "6.4.0",
        "mkdirp": "0.5.1",
        "node-localstorage": "1.3.0"
      }
    },
    "p-map": {
      "version": "1.2.0",
      "resolved": "https://registry.npmjs.org/p-map/-/p-map-1.2.0.tgz",
      "integrity": "sha512-r6zKACMNhjPJMTl8KcFH4li//gkrXWfbD6feV8l6doRHlzljFWGJ2AP6iKaCJXyZmAUMOPtvbW7EXkbWO/pLEA=="
    },
    "p-whilst": {
      "version": "1.0.0",
      "resolved": "https://registry.npmjs.org/p-whilst/-/p-whilst-1.0.0.tgz",
      "integrity": "sha1-VGaOrX+TR5n8APHlIw/Wrd645+Y="
    },
    "process-nextick-args": {
      "version": "1.0.7",
      "resolved": "https://registry.npmjs.org/process-nextick-args/-/process-nextick-args-1.0.7.tgz",
      "integrity": "sha1-FQ4gt1ZZCtP5EJPyWk8q2L/zC6M="
    },
    "pull-cat": {
      "version": "1.1.11",
      "resolved": "https://registry.npmjs.org/pull-cat/-/pull-cat-1.1.11.tgz",
      "integrity": "sha1-tkLdElXaN2pwa220+pYvX9t0wxs="
    },
    "pull-defer": {
      "version": "0.2.2",
      "resolved": "https://registry.npmjs.org/pull-defer/-/pull-defer-0.2.2.tgz",
      "integrity": "sha1-CIew/7MK8ypW2+z6csFnInHwexM="
    },
    "pull-file": {
      "version": "1.0.0",
      "resolved": "https://registry.npmjs.org/pull-file/-/pull-file-1.0.0.tgz",
      "integrity": "sha1-WgywNteO4Q4+C0KT389u/6EDYxg=",
      "requires": {
        "pull-utf8-decoder": "1.0.2"
      }
    },
    "pull-pushable": {
      "version": "2.1.1",
      "resolved": "https://registry.npmjs.org/pull-pushable/-/pull-pushable-2.1.1.tgz",
      "integrity": "sha1-hmZqu+P1QC8ffq0D7v1pt4Xspbg="
    },
    "pull-stream": {
      "version": "3.6.1",
      "resolved": "https://registry.npmjs.org/pull-stream/-/pull-stream-3.6.1.tgz",
      "integrity": "sha1-xcKuSlEkbv7rzGXAQSo9clqSzgA="
    },
    "pull-utf8-decoder": {
      "version": "1.0.2",
      "resolved": "https://registry.npmjs.org/pull-utf8-decoder/-/pull-utf8-decoder-1.0.2.tgz",
      "integrity": "sha1-p6+iOE0eZBWl1gIFQSbMjeO8vOc="
    },
    "pull-window": {
      "version": "2.1.4",
      "resolved": "https://registry.npmjs.org/pull-window/-/pull-window-2.1.4.tgz",
      "integrity": "sha1-/DuG/uvRkgx64pdpHiP3BfiFUvA=",
      "requires": {
        "looper": "2.0.0"
      }
    },
    "pull-write": {
      "version": "1.1.4",
      "resolved": "https://registry.npmjs.org/pull-write/-/pull-write-1.1.4.tgz",
      "integrity": "sha1-3d6jFJO0j2douEooHQHrO1Mf4Lg=",
      "requires": {
        "looper": "4.0.0",
        "pull-cat": "1.1.11",
        "pull-stream": "3.6.1"
      },
      "dependencies": {
        "looper": {
          "version": "4.0.0",
          "resolved": "https://registry.npmjs.org/looper/-/looper-4.0.0.tgz",
          "integrity": "sha1-dwat7VmpntygbmtUu4bI7BnJUVU="
        }
      }
    },
    "pull-write-file": {
      "version": "0.2.4",
      "resolved": "https://registry.npmjs.org/pull-write-file/-/pull-write-file-0.2.4.tgz",
      "integrity": "sha1-Q3NErrIYn2XmeO0a838PdgpUU+8="
    },
    "readable-stream": {
      "version": "2.3.3",
      "resolved": "https://registry.npmjs.org/readable-stream/-/readable-stream-2.3.3.tgz",
      "integrity": "sha512-m+qzzcn7KUxEmd1gMbchF+Y2eIUbieUaxkWtptyHywrX0rE8QEYqPC07Vuy4Wm32/xE16NcdBctb8S0Xe/5IeQ==",
      "requires": {
        "core-util-is": "1.0.2",
        "inherits": "2.0.3",
        "isarray": "1.0.0",
        "process-nextick-args": "1.0.7",
        "safe-buffer": "5.1.1",
        "string_decoder": "1.0.3",
        "util-deprecate": "1.0.2"
      }
    },
    "safe-buffer": {
      "version": "5.1.1",
      "resolved": "https://registry.npmjs.org/safe-buffer/-/safe-buffer-5.1.1.tgz",
      "integrity": "sha512-kKvNJn6Mm93gAczWVJg7wH+wGYWNrDHdWvpUmHyEsgCtIwwo3bqPtV4tR5tuPaUhTOo/kvhVwd8XwwOllGYkbg=="
    },
    "slide": {
      "version": "1.1.6",
      "resolved": "https://registry.npmjs.org/slide/-/slide-1.1.6.tgz",
      "integrity": "sha1-VusCfWW00tzmyy4tMsTUr8nh1wc="
    },
    "string_decoder": {
      "version": "1.0.3",
      "resolved": "https://registry.npmjs.org/string_decoder/-/string_decoder-1.0.3.tgz",
      "integrity": "sha512-4AH6Z5fzNNBcH+6XDMfA/BTt87skxqJlO0lAh3Dker5zThcAxG6mKz+iGu308UKoPPQ8Dcqx/4JhujzltRa+hQ==",
      "requires": {
        "safe-buffer": "5.1.1"
      }
    },
    "typedarray-to-buffer": {
      "version": "3.1.2",
      "resolved": "https://registry.npmjs.org/typedarray-to-buffer/-/typedarray-to-buffer-3.1.2.tgz",
      "integrity": "sha1-EBezLZhP9VbroQD1AViauhrOLgQ=",
      "requires": {
        "is-typedarray": "1.0.0"
      }
    },
    "util-deprecate": {
      "version": "1.0.2",
      "resolved": "https://registry.npmjs.org/util-deprecate/-/util-deprecate-1.0.2.tgz",
      "integrity": "sha1-RQ1Nyfpw3nMnYvvS1KKJgUGaDM8="
    },
    "write-file-atomic": {
      "version": "1.3.4",
      "resolved": "https://registry.npmjs.org/write-file-atomic/-/write-file-atomic-1.3.4.tgz",
      "integrity": "sha1-+Aek8LHZ6ROuekgRLmzDrxmRtF8=",
      "requires": {
        "graceful-fs": "4.1.11",
        "imurmurhash": "0.1.4",
        "slide": "1.1.6"
      }
    }
  }
}
